
Microsoft Visual Studio Solution File, Format Version 12.00
# Visual Studio Version 17
VisualStudioVersion = 17.5.33516.290
MinimumVisualStudioVersion = 10.0.40219.1
Project("{9A19103F-16F7-4668-BE54-9A1E7A4F7556}") = "MarketplaceSQLAdminCLI", "MarketplaceSQLAdminCLI\MarketplaceSQLAdminCLI.csproj", "{D10344B3-8137-41C3-9CC4-3C2F271C7684}"
EndProject
Project("{2150E333-8FDC-42A3-9474-1A3956D46DE8}") = "meta", "meta", "{B2F0A9F9-7509-413C-8C08-8B1B17839185}"
EndProject
Project("{2150E333-8FDC-42A3-9474-1A3956D46DE8}") = "1-Init", "1-Init", "{30F7AEC4-FCC6-449F-BEA4-514ADB58B2DE}"
	ProjectSection(SolutionItems) = preProject
		meta\1-Init\Dev1-Init-Projects.txt = meta\1-Init\Dev1-Init-Projects.txt
	EndProjectSection
EndProject
Project("{9A19103F-16F7-4668-BE54-9A1E7A4F7556}") = "MarketplaceWebAPI", "MarketplaceWebAPI\MarketplaceWebAPI.csproj", "{BE269CAC-9DC6-4BFE-B5AD-992ECEF3C171}"
EndProject
Project("{9A19103F-16F7-4668-BE54-9A1E7A4F7556}") = "MarketplaceWebUI", "MarketplaceWebUI\MarketplaceWebUI.csproj", "{F1713254-FC00-4C21-A64D-1EF01A20E66F}"
EndProject
Project("{9A19103F-16F7-4668-BE54-9A1E7A4F7556}") = "MarketplaceObjects", "MarketplaceObjects\MarketplaceObjects.csproj", "{4226EFBA-F466-4CCC-A238-2AC4BCA95323}"
EndProject
Project("{9A19103F-16F7-4668-BE54-9A1E7A4F7556}") = "MarketplaceObjects.SqlServer", "MarketplaceObjects.SqlServer\MarketplaceObjects.SqlServer.csproj", "{7D6FB07C-9AB6-43C3-A7DB-575901A731A5}"
EndProject
Project("{9A19103F-16F7-4668-BE54-9A1E7A4F7556}") = "MarketplaceObjects.Sqlite", "MarketplaceObjects.Sqlite\MarketplaceObjects.Sqlite.csproj", "{DBB6C136-DEEB-4976-B127-FDDC279571A9}"
EndProject
Project("{9A19103F-16F7-4668-BE54-9A1E7A4F7556}") = "MarketplaceCtrl", "MarketplaceCtrl\MarketplaceCtrl.csproj", "{94358AD6-2770-4D38-A7B7-E7CE0CA720BB}"
EndProject
Project("{2150E333-8FDC-42A3-9474-1A3956D46DE8}") = "TestRuns", "TestRuns", "{E7089C7B-BEF8-4C56-9389-C69E6A8B4A44}"
EndProject
Project("{2150E333-8FDC-42A3-9474-1A3956D46DE8}") = "0x-0", "0x-0", "{6E5B37AF-5C20-4800-8E72-8688CBFFE87B}"
	ProjectSection(SolutionItems) = preProject
		TestRuns\0x-0\create-ex-nihilo.cmd = TestRuns\0x-0\create-ex-nihilo.cmd
		TestRuns\0x-0\initialize-db-0x-0.cmd = TestRuns\0x-0\initialize-db-0x-0.cmd
		TestRuns\0x-0\populate-db-0x-0.cmd = TestRuns\0x-0\populate-db-0x-0.cmd
	EndProjectSection
EndProject
Project("{2150E333-8FDC-42A3-9474-1A3956D46DE8}") = "0x-0b-sysadmin", "0x-0b-sysadmin", "{8D228C5E-04B4-4FCE-B5B3-F4985D7CF2A9}"
	ProjectSection(SolutionItems) = preProject
		TestRuns\0x-0b-sysadmin\create-ex-nihilo.cmd = TestRuns\0x-0b-sysadmin\create-ex-nihilo.cmd
		TestRuns\0x-0b-sysadmin\initialize-db-0x-0.cmd = TestRuns\0x-0b-sysadmin\initialize-db-0x-0.cmd
		TestRuns\0x-0b-sysadmin\populate-db-0x-0.cmd = TestRuns\0x-0b-sysadmin\populate-db-0x-0.cmd
	EndProjectSection
EndProject
Project("{9A19103F-16F7-4668-BE54-9A1E7A4F7556}") = "MarketplaceSvcTools", "MarketplaceSvcTools\MarketplaceSvcTools.csproj", "{B9144CB7-7950-40D7-BFBE-871DF12FE2C4}"
EndProject
Global
	GlobalSection(SolutionConfigurationPlatforms) = preSolution
		Debug|Any CPU = Debug|Any CPU
		Release|Any CPU = Release|Any CPU
	EndGlobalSection
	GlobalSection(ProjectConfigurationPlatforms) = postSolution
		{D10344B3-8137-41C3-9CC4-3C2F271C7684}.Debug|Any CPU.ActiveCfg = Debug|Any CPU
		{D10344B3-8137-41C3-9CC4-3C2F271C7684}.Debug|Any CPU.Build.0 = Debug|Any CPU
		{D10344B3-8137-41C3-9CC4-3C2F271C7684}.Release|Any CPU.ActiveCfg = Release|Any CPU
		{D10344B3-8137-41C3-9CC4-3C2F271C7684}.Release|Any CPU.Build.0 = Release|Any CPU
		{BE269CAC-9DC6-4BFE-B5AD-992ECEF3C171}.Debug|Any CPU.ActiveCfg = Debug|Any CPU
		{BE269CAC-9DC6-4BFE-B5AD-992ECEF3C171}.Debug|Any CPU.Build.0 = Debug|Any CPU
		{BE269CAC-9DC6-4BFE-B5AD-992ECEF3C171}.Release|Any CPU.ActiveCfg = Release|Any CPU
		{BE269CAC-9DC6-4BFE-B5AD-992ECEF3C171}.Release|Any CPU.Build.0 = Release|Any CPU
		{F1713254-FC00-4C21-A64D-1EF01A20E66F}.Debug|Any CPU.ActiveCfg = Debug|Any CPU
		{F1713254-FC00-4C21-A64D-1EF01A20E66F}.Debug|Any CPU.Build.0 = Debug|Any CPU
		{F1713254-FC00-4C21-A64D-1EF01A20E66F}.Release|Any CPU.ActiveCfg = Release|Any CPU
		{F1713254-FC00-4C21-A64D-1EF01A20E66F}.Release|Any CPU.Build.0 = Release|Any CPU
		{4226EFBA-F466-4CCC-A238-2AC4BCA95323}.Debug|Any CPU.ActiveCfg = Debug|Any CPU
		{4226EFBA-F466-4CCC-A238-2AC4BCA95323}.Debug|Any CPU.Build.0 = Debug|Any CPU
		{4226EFBA-F466-4CCC-A238-2AC4BCA95323}.Release|Any CPU.ActiveCfg = Release|Any CPU
		{4226EFBA-F466-4CCC-A238-2AC4BCA95323}.Release|Any CPU.Build.0 = Release|Any CPU
		{7D6FB07C-9AB6-43C3-A7DB-575901A731A5}.Debug|Any CPU.ActiveCfg = Debug|Any CPU
		{7D6FB07C-9AB6-43C3-A7DB-575901A731A5}.Debug|Any CPU.Build.0 = Debug|Any CPU
		{7D6FB07C-9AB6-43C3-A7DB-575901A731A5}.Release|Any CPU.ActiveCfg = Release|Any CPU
		{7D6FB07C-9AB6-43C3-A7DB-575901A731A5}.Release|Any CPU.Build.0 = Release|Any CPU
		{DBB6C136-DEEB-4976-B127-FDDC279571A9}.Debug|Any CPU.ActiveCfg = Debug|Any CPU
		{DBB6C136-DEEB-4976-B127-FDDC279571A9}.Debug|Any CPU.Build.0 = Debug|Any CPU
		{DBB6C136-DEEB-4976-B127-FDDC279571A9}.Release|Any CPU.ActiveCfg = Release|Any CPU
		{DBB6C136-DEEB-4976-B127-FDDC279571A9}.Release|Any CPU.Build.0 = Release|Any CPU
		{94358AD6-2770-4D38-A7B7-E7CE0CA720BB}.Debug|Any CPU.ActiveCfg = Debug|Any CPU
		{94358AD6-2770-4D38-A7B7-E7CE0CA720BB}.Debug|Any CPU.Build.0 = Debug|Any CPU
		{94358AD6-2770-4D38-A7B7-E7CE0CA720BB}.Release|Any CPU.ActiveCfg = Release|Any CPU
		{94358AD6-2770-4D38-A7B7-E7CE0CA720BB}.Release|Any CPU.Build.0 = Release|Any CPU
		{B9144CB7-7950-40D7-BFBE-871DF12FE2C4}.Debug|Any CPU.ActiveCfg = Debug|Any CPU
		{B9144CB7-7950-40D7-BFBE-871DF12FE2C4}.Debug|Any CPU.Build.0 = Debug|Any CPU
		{B9144CB7-7950-40D7-BFBE-871DF12FE2C4}.Release|Any CPU.ActiveCfg = Release|Any CPU
		{B9144CB7-7950-40D7-BFBE-871DF12FE2C4}.Release|Any CPU.Build.0 = Release|Any CPU
	EndGlobalSection
	GlobalSection(SolutionProperties) = preSolution
		HideSolutionNode = FALSE
	EndGlobalSection
	GlobalSection(NestedProjects) = preSolution
		{30F7AEC4-FCC6-449F-BEA4-514ADB58B2DE} = {B2F0A9F9-7509-413C-8C08-8B1B17839185}
		{6E5B37AF-5C20-4800-8E72-8688CBFFE87B} = {E7089C7B-BEF8-4C56-9389-C69E6A8B4A44}
		{8D228C5E-04B4-4FCE-B5B3-F4985D7CF2A9} = {E7089C7B-BEF8-4C56-9389-C69E6A8B4A44}
	EndGlobalSection
	GlobalSection(ExtensibilityGlobals) = postSolution
		SolutionGuid = {53E9BDAE-322E-4344-886F-8039221D1BB2}
	EndGlobalSection
EndGlobal
